
Microsoft Visual Studio Solution File, Format Version 12.00
# Visual Studio Version 17
VisualStudioVersion = 17.5.002.0
MinimumVisualStudioVersion = 10.0.40219.1
Project("{9A19103F-16F7-4668-BE54-9A1E7A4F7556}") = "TrappersBR", "TrappersBR\TrappersBR.csproj", "{98584D6A-4DF1-4666-8284-42352D41D4F5}"
EndProject
Project("{FAE04EC0-301F-11D3-BF4B-00C04F79EFBC}") = "ContaBancaria", "ContaBancaria\ContaBancaria.csproj", "{0A54A020-92DC-4C3D-96F3-6041CFFC705B}"
EndProject
Project("{FAE04EC0-301F-11D3-BF4B-00C04F79EFBC}") = "FormasGeometricas", "FormasGeometricas\FormasGeometricas.csproj", "{A20B86FE-30EE-48C7-A261-9899E989BA78}"
EndProject
Project("{FAE04EC0-301F-11D3-BF4B-00C04F79EFBC}") = "BeeCrowd", "BeeCrowd\BeeCrowd.csproj", "{B5BECCA7-8090-403B-A6A4-9531052EE7E1}"
EndProject
Project("{FAE04EC0-301F-11D3-BF4B-00C04F79EFBC}") = "Animais", "Animais\Animais.csproj", "{99E62A1D-44CD-43D4-8DB1-4AF0AF6503E9}"
EndProject
Project("{FAE04EC0-301F-11D3-BF4B-00C04F79EFBC}") = "LojaEletronicos", "LojaEletronicos\LojaEletronicos.csproj", "{51C95F97-1220-4689-B733-E3377727A0AD}"
EndProject
Project("{FAE04EC0-301F-11D3-BF4B-00C04F79EFBC}") = "Teste", "Teste\Teste.csproj", "{F7C635AD-E2C4-4D11-8789-8B61E0152469}"
EndProject
Project("{FAE04EC0-301F-11D3-BF4B-00C04F79EFBC}") = "TrappersBR-API", "TrappersBR-API\TrappersBR-API.csproj", "{A614BC0C-D4BB-4B80-A947-FBDA82E790F7}"
EndProject
Global
	GlobalSection(SolutionConfigurationPlatforms) = preSolution
		Debug|Any CPU = Debug|Any CPU
		Release|Any CPU = Release|Any CPU
	EndGlobalSection
	GlobalSection(ProjectConfigurationPlatforms) = postSolution
		{98584D6A-4DF1-4666-8284-42352D41D4F5}.Debug|Any CPU.ActiveCfg = Debug|Any CPU
		{98584D6A-4DF1-4666-8284-42352D41D4F5}.Debug|Any CPU.Build.0 = Debug|Any CPU
		{98584D6A-4DF1-4666-8284-42352D41D4F5}.Release|Any CPU.ActiveCfg = Release|Any CPU
		{98584D6A-4DF1-4666-8284-42352D41D4F5}.Release|Any CPU.Build.0 = Release|Any CPU
		{0A54A020-92DC-4C3D-96F3-6041CFFC705B}.Debug|Any CPU.ActiveCfg = Debug|Any CPU
		{0A54A020-92DC-4C3D-96F3-6041CFFC705B}.Debug|Any CPU.Build.0 = Debug|Any CPU
		{0A54A020-92DC-4C3D-96F3-6041CFFC705B}.Release|Any CPU.ActiveCfg = Release|Any CPU
		{0A54A020-92DC-4C3D-96F3-6041CFFC705B}.Release|Any CPU.Build.0 = Release|Any CPU
		{A20B86FE-30EE-48C7-A261-9899E989BA78}.Debug|Any CPU.ActiveCfg = Debug|Any CPU
		{A20B86FE-30EE-48C7-A261-9899E989BA78}.Debug|Any CPU.Build.0 = Debug|Any CPU
		{A20B86FE-30EE-48C7-A261-9899E989BA78}.Release|Any CPU.ActiveCfg = Release|Any CPU
		{A20B86FE-30EE-48C7-A261-9899E989BA78}.Release|Any CPU.Build.0 = Release|Any CPU
		{B5BECCA7-8090-403B-A6A4-9531052EE7E1}.Debug|Any CPU.ActiveCfg = Debug|Any CPU
		{B5BECCA7-8090-403B-A6A4-9531052EE7E1}.Debug|Any CPU.Build.0 = Debug|Any CPU
		{B5BECCA7-8090-403B-A6A4-9531052EE7E1}.Release|Any CPU.ActiveCfg = Release|Any CPU
		{B5BECCA7-8090-403B-A6A4-9531052EE7E1}.Release|Any CPU.Build.0 = Release|Any CPU
		{99E62A1D-44CD-43D4-8DB1-4AF0AF6503E9}.Debug|Any CPU.ActiveCfg = Debug|Any CPU
		{99E62A1D-44CD-43D4-8DB1-4AF0AF6503E9}.Debug|Any CPU.Build.0 = Debug|Any CPU
		{99E62A1D-44CD-43D4-8DB1-4AF0AF6503E9}.Release|Any CPU.ActiveCfg = Release|Any CPU
		{99E62A1D-44CD-43D4-8DB1-4AF0AF6503E9}.Release|Any CPU.Build.0 = Release|Any CPU
		{51C95F97-1220-4689-B733-E3377727A0AD}.Debug|Any CPU.ActiveCfg = Debug|Any CPU
		{51C95F97-1220-4689-B733-E3377727A0AD}.Debug|Any CPU.Build.0 = Debug|Any CPU
		{51C95F97-1220-4689-B733-E3377727A0AD}.Release|Any CPU.ActiveCfg = Release|Any CPU
		{51C95F97-1220-4689-B733-E3377727A0AD}.Release|Any CPU.Build.0 = Release|Any CPU
		{F7C635AD-E2C4-4D11-8789-8B61E0152469}.Debug|Any CPU.ActiveCfg = Debug|Any CPU
		{F7C635AD-E2C4-4D11-8789-8B61E0152469}.Debug|Any CPU.Build.0 = Debug|Any CPU
		{F7C635AD-E2C4-4D11-8789-8B61E0152469}.Release|Any CPU.ActiveCfg = Release|Any CPU
		{F7C635AD-E2C4-4D11-8789-8B61E0152469}.Release|Any CPU.Build.0 = Release|Any CPU
		{A614BC0C-D4BB-4B80-A947-FBDA82E790F7}.Debug|Any CPU.ActiveCfg = Debug|Any CPU
		{A614BC0C-D4BB-4B80-A947-FBDA82E790F7}.Debug|Any CPU.Build.0 = Debug|Any CPU
		{A614BC0C-D4BB-4B80-A947-FBDA82E790F7}.Release|Any CPU.ActiveCfg = Release|Any CPU
		{A614BC0C-D4BB-4B80-A947-FBDA82E790F7}.Release|Any CPU.Build.0 = Release|Any CPU
	EndGlobalSection
	GlobalSection(SolutionProperties) = preSolution
		HideSolutionNode = FALSE
	EndGlobalSection
	GlobalSection(ExtensibilityGlobals) = postSolution
		SolutionGuid = {115576E0-0B01-4F60-9D63-A5A090E432BC}
	EndGlobalSection
EndGlobal
