
Microsoft Visual Studio Solution File, Format Version 12.00
# Visual Studio Version 17
VisualStudioVersion = 17.5.002.0
MinimumVisualStudioVersion = 10.0.40219.1
Project("{9A19103F-16F7-4668-BE54-9A1E7A4F7556}") = "TrappersBR", "TrappersBR\TrappersBR.csproj", "{98584D6A-4DF1-4666-8284-42352D41D4F5}"
EndProject
Global
	GlobalSection(SolutionConfigurationPlatforms) = preSolution
		Debug|Any CPU = Debug|Any CPU
		Release|Any CPU = Release|Any CPU
	EndGlobalSection
	GlobalSection(ProjectConfigurationPlatforms) = postSolution
		{98584D6A-4DF1-4666-8284-42352D41D4F5}.Debug|Any CPU.ActiveCfg = Debug|Any CPU
		{98584D6A-4DF1-4666-8284-42352D41D4F5}.Debug|Any CPU.Build.0 = Debug|Any CPU
		{98584D6A-4DF1-4666-8284-42352D41D4F5}.Release|Any CPU.ActiveCfg = Release|Any CPU
		{98584D6A-4DF1-4666-8284-42352D41D4F5}.Release|Any CPU.Build.0 = Release|Any CPU
	EndGlobalSection
	GlobalSection(SolutionProperties) = preSolution
		HideSolutionNode = FALSE
	EndGlobalSection
	GlobalSection(ExtensibilityGlobals) = postSolution
		SolutionGuid = {115576E0-0B01-4F60-9D63-A5A090E432BC}
	EndGlobalSection
EndGlobal
